
Microsoft Visual Studio Solution File, Format Version 12.00
# Visual Studio Version 17
VisualStudioVersion = 17.3.32825.248
MinimumVisualStudioVersion = 10.0.40219.1
Project("{FAE04EC0-301F-11D3-BF4B-00C04F79EFBC}") = "Lap02-01", "Lap02\Lap02-01.csproj", "{5DAC929E-10E2-43F6-9E58-1D09F908F010}"
EndProject
Project("{FAE04EC0-301F-11D3-BF4B-00C04F79EFBC}") = "Lap02-02", "Lap02-02\Lap02-02.csproj", "{64FE7425-23E1-4502-80BA-1CA46CB07C12}"
EndProject
Global
	GlobalSection(SolutionConfigurationPlatforms) = preSolution
		Debug|Any CPU = Debug|Any CPU
		Release|Any CPU = Release|Any CPU
	EndGlobalSection
	GlobalSection(ProjectConfigurationPlatforms) = postSolution
		{5DAC929E-10E2-43F6-9E58-1D09F908F010}.Debug|Any CPU.ActiveCfg = Debug|Any CPU
		{5DAC929E-10E2-43F6-9E58-1D09F908F010}.Debug|Any CPU.Build.0 = Debug|Any CPU
		{5DAC929E-10E2-43F6-9E58-1D09F908F010}.Release|Any CPU.ActiveCfg = Release|Any CPU
		{5DAC929E-10E2-43F6-9E58-1D09F908F010}.Release|Any CPU.Build.0 = Release|Any CPU
		{64FE7425-23E1-4502-80BA-1CA46CB07C12}.Debug|Any CPU.ActiveCfg = Debug|Any CPU
		{64FE7425-23E1-4502-80BA-1CA46CB07C12}.Debug|Any CPU.Build.0 = Debug|Any CPU
		{64FE7425-23E1-4502-80BA-1CA46CB07C12}.Release|Any CPU.ActiveCfg = Release|Any CPU
		{64FE7425-23E1-4502-80BA-1CA46CB07C12}.Release|Any CPU.Build.0 = Release|Any CPU
	EndGlobalSection
	GlobalSection(SolutionProperties) = preSolution
		HideSolutionNode = FALSE
	EndGlobalSection
	GlobalSection(ExtensibilityGlobals) = postSolution
		SolutionGuid = {156832B3-78E6-4CDD-8A29-253717701C0E}
	EndGlobalSection
EndGlobal
